// !$*UTF8*$!
{
	archiveVersion = 1;
	classes = {
	};
	objectVersion = 56;
	objects = {

/* Begin PBXBuildFile section */
		A20581262C56888A0054F7F4 /* vinyanaView.swift in Sources */ = {isa = PBXBuildFile; fileRef = A20581252C56888A0054F7F4 /* vinyanaView.swift */; };
		A20581282C56891A0054F7F4 /* sutaView.swift in Sources */ = {isa = PBXBuildFile; fileRef = A20581272C56891A0054F7F4 /* sutaView.swift */; };
		A20581302C56AAFB0054F7F4 /* Pyidaungsu-1.7_Regular.ttf in Resources */ = {isa = PBXBuildFile; fileRef = A205812C2C56AAFB0054F7F4 /* Pyidaungsu-1.7_Regular.ttf */; };
		A20581312C56AAFB0054F7F4 /* MUA_Office_adobe.ttf in Resources */ = {isa = PBXBuildFile; fileRef = A205812D2C56AAFB0054F7F4 /* MUA_Office_adobe.ttf */; };
		A20581322C56AAFB0054F7F4 /* Mon3Anonta1.ttf in Resources */ = {isa = PBXBuildFile; fileRef = A205812E2C56AAFB0054F7F4 /* Mon3Anonta1.ttf */; };
		A20581332C56AAFB0054F7F4 /* Pyidaungsu-1.7_Bold.ttf in Resources */ = {isa = PBXBuildFile; fileRef = A205812F2C56AAFB0054F7F4 /* Pyidaungsu-1.7_Bold.ttf */; };
		A205813B2C56AB4A0054F7F4 /* ပါဠိကထာဝတ္ထု ဘာသာမန် (ကၞပ်ဒုတိယ).pdf in Resources */ = {isa = PBXBuildFile; fileRef = A20581352C56AB4A0054F7F4 /* ပါဠိကထာဝတ္ထု ဘာသာမန် (ကၞပ်ဒုတိယ).pdf */; };
		A205813C2C56AB4A0054F7F4 /* ပါဠိကထာဝတ္ထု ဘာသာမန် (ကၞပ်ပထမ).pdf in Resources */ = {isa = PBXBuildFile; fileRef = A20581362C56AB4A0054F7F4 /* ပါဠိကထာဝတ္ထု ဘာသာမန် (ကၞပ်ပထမ).pdf */; };
		A205813D2C56AB4A0054F7F4 /* ပါဠိဓမ္မသၚ်္ဂဏဳ ဘာသာမန်.pdf in Resources */ = {isa = PBXBuildFile; fileRef = A20581372C56AB4A0054F7F4 /* ပါဠိဓမ္မသၚ်္ဂဏဳ ဘာသာမန်.pdf */; };
		A205813E2C56AB4A0054F7F4 /* ပါဠိပုဂ္ဂလပညပ် ဘာသာမန်.pdf in Resources */ = {isa = PBXBuildFile; fileRef = A20581382C56AB4A0054F7F4 /* ပါဠိပုဂ္ဂလပညပ် ဘာသာမန်.pdf */; };
		A205813F2C56AB4A0054F7F4 /* ပါဠိဝိဘၚ် ဘာသာမန် (ကၞပ် ပ+ဒု).pdf in Resources */ = {isa = PBXBuildFile; fileRef = A20581392C56AB4A0054F7F4 /* ပါဠိဝိဘၚ် ဘာသာမန် (ကၞပ် ပ+ဒု).pdf */; };
		A20581582C56AB570054F7F4 /* ပါဠိခုဒ္ဒကပါဋ္ဌ ဘာသာမန်.pdf in Resources */ = {isa = PBXBuildFile; fileRef = A20581402C56AB570054F7F4 /* ပါဠိခုဒ္ဒကပါဋ္ဌ ဘာသာမန်.pdf */; };
		A20581592C56AB570054F7F4 /* ပါဠိထေရထေရဳဂါထာ ဘာသာမန်.pdf in Resources */ = {isa = PBXBuildFile; fileRef = A20581412C56AB570054F7F4 /* ပါဠိထေရထေရဳဂါထာ ဘာသာမန်.pdf */; };
		A205815A2C56AB570054F7F4 /* ပါဠိထေရာပဒါန် ဘာသာမန်.pdf in Resources */ = {isa = PBXBuildFile; fileRef = A20581422C56AB570054F7F4 /* ပါဠိထေရာပဒါန် ဘာသာမန်.pdf */; };
		A205815B2C56AB570054F7F4 /* ပါဠိပဋိသမ္ဘီဒါမဂ် ဘာသာမန်.pdf in Resources */ = {isa = PBXBuildFile; fileRef = A20581432C56AB570054F7F4 /* ပါဠိပဋိသမ္ဘီဒါမဂ် ဘာသာမန်.pdf */; };
		A205815C2C56AB570054F7F4 /* ပါဠိမိလိန္ဒပဉှာ ဘာသာမန်.pdf in Resources */ = {isa = PBXBuildFile; fileRef = A20581442C56AB570054F7F4 /* ပါဠိမိလိန္ဒပဉှာ ဘာသာမန်.pdf */; };
		A205815D2C56AB570054F7F4 /* ပါဠိဝိမာန ကေုာံ ပေတဝတ္ထု ဘာသာမန်.pdf in Resources */ = {isa = PBXBuildFile; fileRef = A20581452C56AB570054F7F4 /* ပါဠိဝိမာန ကေုာံ ပေတဝတ္ထု ဘာသာမန်.pdf */; };
		A205815E2C56AB570054F7F4 /* ပါဠိပါထိကဝဂ် ဘာသာမန်.pdf in Resources */ = {isa = PBXBuildFile; fileRef = A20581472C56AB570054F7F4 /* ပါဠိပါထိကဝဂ် ဘာသာမန်.pdf */; };
		A205815F2C56AB570054F7F4 /* ပါဠိမဟာဝဂ္ဂ ဘာသာမန်.pdf in Resources */ = {isa = PBXBuildFile; fileRef = A20581482C56AB570054F7F4 /* ပါဠိမဟာဝဂ္ဂ ဘာသာမန်.pdf */; };
		A20581602C56AB570054F7F4 /* ပါဠိသဳလက္ခန္ဓဝဂ္ဂ ဘာသာမန်.pdf in Resources */ = {isa = PBXBuildFile; fileRef = A20581492C56AB570054F7F4 /* ပါဠိသဳလက္ခန္ဓဝဂ္ဂ ဘာသာမန်.pdf */; };
		A20581612C56AB570054F7F4 /* ပါဠိမဇ္ၛိမပဏ္ဏာသ ဘာသာမန်.pdf in Resources */ = {isa = PBXBuildFile; fileRef = A205814B2C56AB570054F7F4 /* ပါဠိမဇ္ၛိမပဏ္ဏာသ ဘာသာမန်.pdf */; };
		A20581622C56AB570054F7F4 /* ပါဠိမူလပဏ္ဏာသ ဘာသာမန်.pdf in Resources */ = {isa = PBXBuildFile; fileRef = A205814C2C56AB570054F7F4 /* ပါဠိမူလပဏ္ဏာသ ဘာသာမန်.pdf */; };
		A20581632C56AB570054F7F4 /* ပါဠိဥပရိပဏ္ဏာသ ဘာသာမန်.pdf in Resources */ = {isa = PBXBuildFile; fileRef = A205814D2C56AB570054F7F4 /* ပါဠိဥပရိပဏ္ဏာသ ဘာသာမန်.pdf */; };
		A20581642C56AB570054F7F4 /* ပါဠိသံယုတ် ဘာသာမန် (ကၞပ်တတိယ).pdf in Resources */ = {isa = PBXBuildFile; fileRef = A205814F2C56AB570054F7F4 /* ပါဠိသံယုတ် ဘာသာမန် (ကၞပ်တတိယ).pdf */; };
		A20581652C56AB570054F7F4 /* ပါဠိသံယုတ် ဘာသာမန် (ကၞပ်ဒုတိယ).pdf in Resources */ = {isa = PBXBuildFile; fileRef = A20581502C56AB570054F7F4 /* ပါဠိသံယုတ် ဘာသာမန် (ကၞပ်ဒုတိယ).pdf */; };
		A20581662C56AB570054F7F4 /* ပါဠိသံယုတ် ဘာသာမန် (ကၞပ်ပထမ).pdf in Resources */ = {isa = PBXBuildFile; fileRef = A20581512C56AB570054F7F4 /* ပါဠိသံယုတ် ဘာသာမန် (ကၞပ်ပထမ).pdf */; };
		A20581672C56AB570054F7F4 /* ပါဠိအၚ်္ဂုတ္တိုရ် ဘာသာမန် (ကၞပ်တတိယ).pdf in Resources */ = {isa = PBXBuildFile; fileRef = A20581532C56AB570054F7F4 /* ပါဠိအၚ်္ဂုတ္တိုရ် ဘာသာမန် (ကၞပ်တတိယ).pdf */; };
		A20581682C56AB570054F7F4 /* ပါဠိအၚ်္ဂုတ္တိုရ် ဘာသာမန် (ကၞပ်ဒုတိယ).pdf in Resources */ = {isa = PBXBuildFile; fileRef = A20581542C56AB570054F7F4 /* ပါဠိအၚ်္ဂုတ္တိုရ် ဘာသာမန် (ကၞပ်ဒုတိယ).pdf */; };
		A20581692C56AB570054F7F4 /* ပါဠိအၚ်္ဂုတ္တိုရ် ဘာသာမန် (ကၞပ်ပထမ).pdf in Resources */ = {isa = PBXBuildFile; fileRef = A20581552C56AB570054F7F4 /* ပါဠိအၚ်္ဂုတ္တိုရ် ဘာသာမန် (ကၞပ်ပထမ).pdf */; };
		A20581702C56AB610054F7F4 /* ပါဠိစူဠဝဝ် ဘာသာမန်.pdf in Resources */ = {isa = PBXBuildFile; fileRef = A205816A2C56AB610054F7F4 /* ပါဠိစူဠဝဝ် ဘာသာမန်.pdf */; };
		A20581712C56AB610054F7F4 /* ပါဠိပရိဝရ် ဘာသာမန်.pdf in Resources */ = {isa = PBXBuildFile; fileRef = A205816B2C56AB610054F7F4 /* ပါဠိပရိဝရ် ဘာသာမန်.pdf */; };
		A20581722C56AB610054F7F4 /* ပါဠိပါရာဇိကဏ် ဘာသာမန်.pdf in Resources */ = {isa = PBXBuildFile; fileRef = A205816C2C56AB610054F7F4 /* ပါဠိပါရာဇိကဏ် ဘာသာမန်.pdf */; };
		A20581732C56AB610054F7F4 /* ပါဠိပါဲစိုတ် ဘာသာမန်.pdf in Resources */ = {isa = PBXBuildFile; fileRef = A205816D2C56AB610054F7F4 /* ပါဠိပါဲစိုတ် ဘာသာမန်.pdf */; };
		A20581742C56AB610054F7F4 /* ပါဠိမဟာဝဂ် ဘာသာမန်.pdf in Resources */ = {isa = PBXBuildFile; fileRef = A205816E2C56AB610054F7F4 /* ပါဠိမဟာဝဂ် ဘာသာမန်.pdf */; };
		A20581792C56E69C0054F7F4 /* infoView.swift in Sources */ = {isa = PBXBuildFile; fileRef = A20581782C56E69C0054F7F4 /* infoView.swift */; };
		A205817B2C56E76B0054F7F4 /* Abhidhamma.swift in Sources */ = {isa = PBXBuildFile; fileRef = A205817A2C56E76B0054F7F4 /* Abhidhamma.swift */; };
		A2C84E3A2C5FCCE40046265A /* pitakaData.swift in Sources */ = {isa = PBXBuildFile; fileRef = A2C84E392C5FCCE40046265A /* pitakaData.swift */; };
		A2C84E412C5FF3D00046265A /* ActivityViewController.swift in Sources */ = {isa = PBXBuildFile; fileRef = A2C84E3B2C5FF3D00046265A /* ActivityViewController.swift */; };
		A2C84E422C5FF3D00046265A /* DownloadManager.swift in Sources */ = {isa = PBXBuildFile; fileRef = A2C84E3C2C5FF3D00046265A /* DownloadManager.swift */; };
		A2C84E432C5FF3D00046265A /* PDFReaderView.swift in Sources */ = {isa = PBXBuildFile; fileRef = A2C84E3D2C5FF3D00046265A /* PDFReaderView.swift */; };
		A2C84E442C5FF3D00046265A /* PDFViewer.swift in Sources */ = {isa = PBXBuildFile; fileRef = A2C84E3E2C5FF3D00046265A /* PDFViewer.swift */; };
		A2C84E452C5FF3D00046265A /* ProgressView.swift in Sources */ = {isa = PBXBuildFile; fileRef = A2C84E3F2C5FF3D00046265A /* ProgressView.swift */; };
		A2D7CC5E2C551FD1009DC4FF /* TipitakaMonApp.swift in Sources */ = {isa = PBXBuildFile; fileRef = A2D7CC5D2C551FD1009DC4FF /* TipitakaMonApp.swift */; };
		A2D7CC602C551FD1009DC4FF /* ContentView.swift in Sources */ = {isa = PBXBuildFile; fileRef = A2D7CC5F2C551FD1009DC4FF /* ContentView.swift */; };
		A2D7CC622C551FD2009DC4FF /* Assets.xcassets in Resources */ = {isa = PBXBuildFile; fileRef = A2D7CC612C551FD2009DC4FF /* Assets.xcassets */; };
		A2D7CC652C551FD2009DC4FF /* Preview Assets.xcassets in Resources */ = {isa = PBXBuildFile; fileRef = A2D7CC642C551FD2009DC4FF /* Preview Assets.xcassets */; };
/* End PBXBuildFile section */

/* Begin PBXFileReference section */
		A20581252C56888A0054F7F4 /* vinyanaView.swift */ = {isa = PBXFileReference; lastKnownFileType = sourcecode.swift; path = vinyanaView.swift; sourceTree = "<group>"; };
		A20581272C56891A0054F7F4 /* sutaView.swift */ = {isa = PBXFileReference; lastKnownFileType = sourcecode.swift; path = sutaView.swift; sourceTree = "<group>"; };
		A205812C2C56AAFB0054F7F4 /* Pyidaungsu-1.7_Regular.ttf */ = {isa = PBXFileReference; lastKnownFileType = file; path = "Pyidaungsu-1.7_Regular.ttf"; sourceTree = "<group>"; };
		A205812D2C56AAFB0054F7F4 /* MUA_Office_adobe.ttf */ = {isa = PBXFileReference; lastKnownFileType = file; path = MUA_Office_adobe.ttf; sourceTree = "<group>"; };
		A205812E2C56AAFB0054F7F4 /* Mon3Anonta1.ttf */ = {isa = PBXFileReference; lastKnownFileType = file; path = Mon3Anonta1.ttf; sourceTree = "<group>"; };
		A205812F2C56AAFB0054F7F4 /* Pyidaungsu-1.7_Bold.ttf */ = {isa = PBXFileReference; lastKnownFileType = file; path = "Pyidaungsu-1.7_Bold.ttf"; sourceTree = "<group>"; };
		A20581352C56AB4A0054F7F4 /* ပါဠိကထာဝတ္ထု ဘာသာမန် (ကၞပ်ဒုတိယ).pdf */ = {isa = PBXFileReference; lastKnownFileType = image.pdf; path = "ပါဠိကထာဝတ္ထု ဘာသာမန် (ကၞပ်ဒုတိယ).pdf"; sourceTree = "<group>"; };
		A20581362C56AB4A0054F7F4 /* ပါဠိကထာဝတ္ထု ဘာသာမန် (ကၞပ်ပထမ).pdf */ = {isa = PBXFileReference; lastKnownFileType = image.pdf; path = "ပါဠိကထာဝတ္ထု ဘာသာမန် (ကၞပ်ပထမ).pdf"; sourceTree = "<group>"; };
		A20581372C56AB4A0054F7F4 /* ပါဠိဓမ္မသၚ်္ဂဏဳ ဘာသာမန်.pdf */ = {isa = PBXFileReference; lastKnownFileType = image.pdf; path = "ပါဠိဓမ္မသၚ်္ဂဏဳ ဘာသာမန်.pdf"; sourceTree = "<group>"; };
		A20581382C56AB4A0054F7F4 /* ပါဠိပုဂ္ဂလပညပ် ဘာသာမန်.pdf */ = {isa = PBXFileReference; lastKnownFileType = image.pdf; path = "ပါဠိပုဂ္ဂလပညပ် ဘာသာမန်.pdf"; sourceTree = "<group>"; };
		A20581392C56AB4A0054F7F4 /* ပါဠိဝိဘၚ် ဘာသာမန် (ကၞပ် ပ+ဒု).pdf */ = {isa = PBXFileReference; lastKnownFileType = image.pdf; path = "ပါဠိဝိဘၚ် ဘာသာမန် (ကၞပ် ပ+ဒု).pdf"; sourceTree = "<group>"; };
		A20581402C56AB570054F7F4 /* ပါဠိခုဒ္ဒကပါဋ္ဌ ဘာသာမန်.pdf */ = {isa = PBXFileReference; lastKnownFileType = image.pdf; path = "ပါဠိခုဒ္ဒကပါဋ္ဌ ဘာသာမန်.pdf"; sourceTree = "<group>"; };
		A20581412C56AB570054F7F4 /* ပါဠိထေရထေရဳဂါထာ ဘာသာမန်.pdf */ = {isa = PBXFileReference; lastKnownFileType = image.pdf; path = "ပါဠိထေရထေရဳဂါထာ ဘာသာမန်.pdf"; sourceTree = "<group>"; };
		A20581422C56AB570054F7F4 /* ပါဠိထေရာပဒါန် ဘာသာမန်.pdf */ = {isa = PBXFileReference; lastKnownFileType = image.pdf; path = "ပါဠိထေရာပဒါန် ဘာသာမန်.pdf"; sourceTree = "<group>"; };
		A20581432C56AB570054F7F4 /* ပါဠိပဋိသမ္ဘီဒါမဂ် ဘာသာမန်.pdf */ = {isa = PBXFileReference; lastKnownFileType = image.pdf; path = "ပါဠိပဋိသမ္ဘီဒါမဂ် ဘာသာမန်.pdf"; sourceTree = "<group>"; };
		A20581442C56AB570054F7F4 /* ပါဠိမိလိန္ဒပဉှာ ဘာသာမန်.pdf */ = {isa = PBXFileReference; lastKnownFileType = image.pdf; path = "ပါဠိမိလိန္ဒပဉှာ ဘာသာမန်.pdf"; sourceTree = "<group>"; };
		A20581452C56AB570054F7F4 /* ပါဠိဝိမာန ကေုာံ ပေတဝတ္ထု ဘာသာမန်.pdf */ = {isa = PBXFileReference; lastKnownFileType = image.pdf; path = "ပါဠိဝိမာန ကေုာံ ပေတဝတ္ထု ဘာသာမန်.pdf"; sourceTree = "<group>"; };
		A20581472C56AB570054F7F4 /* ပါဠိပါထိကဝဂ် ဘာသာမန်.pdf */ = {isa = PBXFileReference; lastKnownFileType = image.pdf; path = "ပါဠိပါထိကဝဂ် ဘာသာမန်.pdf"; sourceTree = "<group>"; };
		A20581482C56AB570054F7F4 /* ပါဠိမဟာဝဂ္ဂ ဘာသာမန်.pdf */ = {isa = PBXFileReference; lastKnownFileType = image.pdf; path = "ပါဠိမဟာဝဂ္ဂ ဘာသာမန်.pdf"; sourceTree = "<group>"; };
		A20581492C56AB570054F7F4 /* ပါဠိသဳလက္ခန္ဓဝဂ္ဂ ဘာသာမန်.pdf */ = {isa = PBXFileReference; lastKnownFileType = image.pdf; path = "ပါဠိသဳလက္ခန္ဓဝဂ္ဂ ဘာသာမန်.pdf"; sourceTree = "<group>"; };
		A205814B2C56AB570054F7F4 /* ပါဠိမဇ္ၛိမပဏ္ဏာသ ဘာသာမန်.pdf */ = {isa = PBXFileReference; lastKnownFileType = image.pdf; path = "ပါဠိမဇ္ၛိမပဏ္ဏာသ ဘာသာမန်.pdf"; sourceTree = "<group>"; };
		A205814C2C56AB570054F7F4 /* ပါဠိမူလပဏ္ဏာသ ဘာသာမန်.pdf */ = {isa = PBXFileReference; lastKnownFileType = image.pdf; path = "ပါဠိမူလပဏ္ဏာသ ဘာသာမန်.pdf"; sourceTree = "<group>"; };
		A205814D2C56AB570054F7F4 /* ပါဠိဥပရိပဏ္ဏာသ ဘာသာမန်.pdf */ = {isa = PBXFileReference; lastKnownFileType = image.pdf; path = "ပါဠိဥပရိပဏ္ဏာသ ဘာသာမန်.pdf"; sourceTree = "<group>"; };
		A205814F2C56AB570054F7F4 /* ပါဠိသံယုတ် ဘာသာမန် (ကၞပ်တတိယ).pdf */ = {isa = PBXFileReference; lastKnownFileType = image.pdf; path = "ပါဠိသံယုတ် ဘာသာမန် (ကၞပ်တတိယ).pdf"; sourceTree = "<group>"; };
		A20581502C56AB570054F7F4 /* ပါဠိသံယုတ် ဘာသာမန် (ကၞပ်ဒုတိယ).pdf */ = {isa = PBXFileReference; lastKnownFileType = image.pdf; path = "ပါဠိသံယုတ် ဘာသာမန် (ကၞပ်ဒုတိယ).pdf"; sourceTree = "<group>"; };
		A20581512C56AB570054F7F4 /* ပါဠိသံယုတ် ဘာသာမန် (ကၞပ်ပထမ).pdf */ = {isa = PBXFileReference; lastKnownFileType = image.pdf; path = "ပါဠိသံယုတ် ဘာသာမန် (ကၞပ်ပထမ).pdf"; sourceTree = "<group>"; };
		A20581532C56AB570054F7F4 /* ပါဠိအၚ်္ဂုတ္တိုရ် ဘာသာမန် (ကၞပ်တတိယ).pdf */ = {isa = PBXFileReference; lastKnownFileType = image.pdf; path = "ပါဠိအၚ်္ဂုတ္တိုရ် ဘာသာမန် (ကၞပ်တတိယ).pdf"; sourceTree = "<group>"; };
		A20581542C56AB570054F7F4 /* ပါဠိအၚ်္ဂုတ္တိုရ် ဘာသာမန် (ကၞပ်ဒုတိယ).pdf */ = {isa = PBXFileReference; lastKnownFileType = image.pdf; path = "ပါဠိအၚ်္ဂုတ္တိုရ် ဘာသာမန် (ကၞပ်ဒုတိယ).pdf"; sourceTree = "<group>"; };
		A20581552C56AB570054F7F4 /* ပါဠိအၚ်္ဂုတ္တိုရ် ဘာသာမန် (ကၞပ်ပထမ).pdf */ = {isa = PBXFileReference; lastKnownFileType = image.pdf; path = "ပါဠိအၚ်္ဂုတ္တိုရ် ဘာသာမန် (ကၞပ်ပထမ).pdf"; sourceTree = "<group>"; };
		A205816A2C56AB610054F7F4 /* ပါဠိစူဠဝဝ် ဘာသာမန်.pdf */ = {isa = PBXFileReference; lastKnownFileType = image.pdf; path = "ပါဠိစူဠဝဝ် ဘာသာမန်.pdf"; sourceTree = "<group>"; };
		A205816B2C56AB610054F7F4 /* ပါဠိပရိဝရ် ဘာသာမန်.pdf */ = {isa = PBXFileReference; lastKnownFileType = image.pdf; path = "ပါဠိပရိဝရ် ဘာသာမန်.pdf"; sourceTree = "<group>"; };
		A205816C2C56AB610054F7F4 /* ပါဠိပါရာဇိကဏ် ဘာသာမန်.pdf */ = {isa = PBXFileReference; lastKnownFileType = image.pdf; path = "ပါဠိပါရာဇိကဏ် ဘာသာမန်.pdf"; sourceTree = "<group>"; };
		A205816D2C56AB610054F7F4 /* ပါဠိပါဲစိုတ် ဘာသာမန်.pdf */ = {isa = PBXFileReference; lastKnownFileType = image.pdf; path = "ပါဠိပါဲစိုတ် ဘာသာမန်.pdf"; sourceTree = "<group>"; };
		A205816E2C56AB610054F7F4 /* ပါဠိမဟာဝဂ် ဘာသာမန်.pdf */ = {isa = PBXFileReference; lastKnownFileType = image.pdf; path = "ပါဠိမဟာဝဂ် ဘာသာမန်.pdf"; sourceTree = "<group>"; };
		A20581752C56AC4C0054F7F4 /* Info.plist */ = {isa = PBXFileReference; lastKnownFileType = text.plist; path = Info.plist; sourceTree = "<group>"; };
		A20581782C56E69C0054F7F4 /* infoView.swift */ = {isa = PBXFileReference; fileEncoding = 4; lastKnownFileType = sourcecode.swift; path = infoView.swift; sourceTree = "<group>"; };
		A205817A2C56E76B0054F7F4 /* Abhidhamma.swift */ = {isa = PBXFileReference; fileEncoding = 4; lastKnownFileType = sourcecode.swift; path = Abhidhamma.swift; sourceTree = "<group>"; };
		A2C84E392C5FCCE40046265A /* pitakaData.swift */ = {isa = PBXFileReference; lastKnownFileType = sourcecode.swift; path = pitakaData.swift; sourceTree = "<group>"; };
		A2C84E3B2C5FF3D00046265A /* ActivityViewController.swift */ = {isa = PBXFileReference; fileEncoding = 4; lastKnownFileType = sourcecode.swift; path = ActivityViewController.swift; sourceTree = "<group>"; };
		A2C84E3C2C5FF3D00046265A /* DownloadManager.swift */ = {isa = PBXFileReference; fileEncoding = 4; lastKnownFileType = sourcecode.swift; path = DownloadManager.swift; sourceTree = "<group>"; };
		A2C84E3D2C5FF3D00046265A /* PDFReaderView.swift */ = {isa = PBXFileReference; fileEncoding = 4; lastKnownFileType = sourcecode.swift; path = PDFReaderView.swift; sourceTree = "<group>"; };
		A2C84E3E2C5FF3D00046265A /* PDFViewer.swift */ = {isa = PBXFileReference; fileEncoding = 4; lastKnownFileType = sourcecode.swift; path = PDFViewer.swift; sourceTree = "<group>"; };
		A2C84E3F2C5FF3D00046265A /* ProgressView.swift */ = {isa = PBXFileReference; fileEncoding = 4; lastKnownFileType = sourcecode.swift; path = ProgressView.swift; sourceTree = "<group>"; };
		A2D7CC5A2C551FD1009DC4FF /* TipitakaMon.app */ = {isa = PBXFileReference; explicitFileType = wrapper.application; includeInIndex = 0; path = TipitakaMon.app; sourceTree = BUILT_PRODUCTS_DIR; };
		A2D7CC5D2C551FD1009DC4FF /* TipitakaMonApp.swift */ = {isa = PBXFileReference; lastKnownFileType = sourcecode.swift; path = TipitakaMonApp.swift; sourceTree = "<group>"; };
		A2D7CC5F2C551FD1009DC4FF /* ContentView.swift */ = {isa = PBXFileReference; lastKnownFileType = sourcecode.swift; path = ContentView.swift; sourceTree = "<group>"; };
		A2D7CC612C551FD2009DC4FF /* Assets.xcassets */ = {isa = PBXFileReference; lastKnownFileType = folder.assetcatalog; path = Assets.xcassets; sourceTree = "<group>"; };
		A2D7CC642C551FD2009DC4FF /* Preview Assets.xcassets */ = {isa = PBXFileReference; lastKnownFileType = folder.assetcatalog; path = "Preview Assets.xcassets"; sourceTree = "<group>"; };
/* End PBXFileReference section */

/* Begin PBXFrameworksBuildPhase section */
		A2D7CC572C551FD1009DC4FF /* Frameworks */ = {
			isa = PBXFrameworksBuildPhase;
			buildActionMask = 2147483647;
			files = (
			);
			runOnlyForDeploymentPostprocessing = 0;
		};
/* End PBXFrameworksBuildPhase section */

/* Begin PBXGroup section */
		A205812B2C56AAD90054F7F4 /* Fonts */ = {
			isa = PBXGroup;
			children = (
				A205812C2C56AAFB0054F7F4 /* Pyidaungsu-1.7_Regular.ttf */,
				A205812F2C56AAFB0054F7F4 /* Pyidaungsu-1.7_Bold.ttf */,
				A205812D2C56AAFB0054F7F4 /* MUA_Office_adobe.ttf */,
				A205812E2C56AAFB0054F7F4 /* Mon3Anonta1.ttf */,
			);
			path = Fonts;
			sourceTree = "<group>";
		};
		A20581342C56AB310054F7F4 /* pdfBooks */ = {
			isa = PBXGroup;
			children = (
				A205816F2C56AB610054F7F4 /* Vinaya */,
				A20581572C56AB570054F7F4 /* Sutta */,
				A205813A2C56AB4A0054F7F4 /* Abhidhaw */,
			);
			path = pdfBooks;
			sourceTree = "<group>";
		};
		A205813A2C56AB4A0054F7F4 /* Abhidhaw */ = {
			isa = PBXGroup;
			children = (
				A20581352C56AB4A0054F7F4 /* ပါဠိကထာဝတ္ထု ဘာသာမန် (ကၞပ်ဒုတိယ).pdf */,
				A20581362C56AB4A0054F7F4 /* ပါဠိကထာဝတ္ထု ဘာသာမန် (ကၞပ်ပထမ).pdf */,
				A20581372C56AB4A0054F7F4 /* ပါဠိဓမ္မသၚ်္ဂဏဳ ဘာသာမန်.pdf */,
				A20581382C56AB4A0054F7F4 /* ပါဠိပုဂ္ဂလပညပ် ဘာသာမန်.pdf */,
				A20581392C56AB4A0054F7F4 /* ပါဠိဝိဘၚ် ဘာသာမန် (ကၞပ် ပ+ဒု).pdf */,
			);
			path = Abhidhaw;
			sourceTree = "<group>";
		};
		A20581462C56AB570054F7F4 /* ခုဒ္ဒကနိကာယ် */ = {
			isa = PBXGroup;
			children = (
			);
			path = "ခုဒ္ဒကနိကာယ်";
			sourceTree = "<group>";
		};
		A205814A2C56AB570054F7F4 /* ဒဳဃနိကာယ် */ = {
			isa = PBXGroup;
			children = (
			);
			path = "ဒဳဃနိကာယ်";
			sourceTree = "<group>";
		};
		A205814E2C56AB570054F7F4 /* မဇ္ၛိမနိကာယ် */ = {
			isa = PBXGroup;
			children = (
			);
			path = "မဇ္ၛိမနိကာယ်";
			sourceTree = "<group>";
		};
		A20581522C56AB570054F7F4 /* သံယုတ်နိကာ် */ = {
			isa = PBXGroup;
			children = (
			);
			path = "သံယုတ်နိကာ်";
			sourceTree = "<group>";
		};
		A20581562C56AB570054F7F4 /* အၚ်္ဂုတ္တရနိကာယ် */ = {
			isa = PBXGroup;
			children = (
			);
			path = "အၚ်္ဂုတ္တရနိကာယ်";
			sourceTree = "<group>";
		};
		A20581572C56AB570054F7F4 /* Sutta */ = {
			isa = PBXGroup;
			children = (
				A20581402C56AB570054F7F4 /* ပါဠိခုဒ္ဒကပါဋ္ဌ ဘာသာမန်.pdf */,
				A20581412C56AB570054F7F4 /* ပါဠိထေရထေရဳဂါထာ ဘာသာမန်.pdf */,
				A20581422C56AB570054F7F4 /* ပါဠိထေရာပဒါန် ဘာသာမန်.pdf */,
				A20581432C56AB570054F7F4 /* ပါဠိပဋိသမ္ဘီဒါမဂ် ဘာသာမန်.pdf */,
				A20581442C56AB570054F7F4 /* ပါဠိမိလိန္ဒပဉှာ ဘာသာမန်.pdf */,
				A20581452C56AB570054F7F4 /* ပါဠိဝိမာန ကေုာံ ပေတဝတ္ထု ဘာသာမန်.pdf */,
				A20581472C56AB570054F7F4 /* ပါဠိပါထိကဝဂ် ဘာသာမန်.pdf */,
				A20581482C56AB570054F7F4 /* ပါဠိမဟာဝဂ္ဂ ဘာသာမန်.pdf */,
				A20581492C56AB570054F7F4 /* ပါဠိသဳလက္ခန္ဓဝဂ္ဂ ဘာသာမန်.pdf */,
				A205814B2C56AB570054F7F4 /* ပါဠိမဇ္ၛိမပဏ္ဏာသ ဘာသာမန်.pdf */,
				A205814C2C56AB570054F7F4 /* ပါဠိမူလပဏ္ဏာသ ဘာသာမန်.pdf */,
				A205814D2C56AB570054F7F4 /* ပါဠိဥပရိပဏ္ဏာသ ဘာသာမန်.pdf */,
				A205814F2C56AB570054F7F4 /* ပါဠိသံယုတ် ဘာသာမန် (ကၞပ်တတိယ).pdf */,
				A20581502C56AB570054F7F4 /* ပါဠိသံယုတ် ဘာသာမန် (ကၞပ်ဒုတိယ).pdf */,
				A20581512C56AB570054F7F4 /* ပါဠိသံယုတ် ဘာသာမန် (ကၞပ်ပထမ).pdf */,
				A20581532C56AB570054F7F4 /* ပါဠိအၚ်္ဂုတ္တိုရ် ဘာသာမန် (ကၞပ်တတိယ).pdf */,
				A20581542C56AB570054F7F4 /* ပါဠိအၚ်္ဂုတ္တိုရ် ဘာသာမန် (ကၞပ်ဒုတိယ).pdf */,
				A20581552C56AB570054F7F4 /* ပါဠိအၚ်္ဂုတ္တိုရ် ဘာသာမန် (ကၞပ်ပထမ).pdf */,
				A20581462C56AB570054F7F4 /* ခုဒ္ဒကနိကာယ် */,
				A205814A2C56AB570054F7F4 /* ဒဳဃနိကာယ် */,
				A205814E2C56AB570054F7F4 /* မဇ္ၛိမနိကာယ် */,
				A20581522C56AB570054F7F4 /* သံယုတ်နိကာ် */,
				A20581562C56AB570054F7F4 /* အၚ်္ဂုတ္တရနိကာယ် */,
			);
			path = Sutta;
			sourceTree = "<group>";
		};
		A205816F2C56AB610054F7F4 /* Vinaya */ = {
			isa = PBXGroup;
			children = (
				A205816A2C56AB610054F7F4 /* ပါဠိစူဠဝဝ် ဘာသာမန်.pdf */,
				A205816B2C56AB610054F7F4 /* ပါဠိပရိဝရ် ဘာသာမန်.pdf */,
				A205816C2C56AB610054F7F4 /* ပါဠိပါရာဇိကဏ် ဘာသာမန်.pdf */,
				A205816D2C56AB610054F7F4 /* ပါဠိပါဲစိုတ် ဘာသာမန်.pdf */,
				A205816E2C56AB610054F7F4 /* ပါဠိမဟာဝဂ် ဘာသာမန်.pdf */,
			);
			path = Vinaya;
			sourceTree = "<group>";
		};
		A2C84E402C5FF3D00046265A /* PDFViewer */ = {
			isa = PBXGroup;
			children = (
				A2C84E3B2C5FF3D00046265A /* ActivityViewController.swift */,
				A2C84E3C2C5FF3D00046265A /* DownloadManager.swift */,
				A2C84E3D2C5FF3D00046265A /* PDFReaderView.swift */,
				A2C84E3E2C5FF3D00046265A /* PDFViewer.swift */,
				A2C84E3F2C5FF3D00046265A /* ProgressView.swift */,
			);
			path = PDFViewer;
			sourceTree = "<group>";
		};
		A2D7CC512C551FD0009DC4FF = {
			isa = PBXGroup;
			children = (
				A2D7CC5C2C551FD1009DC4FF /* TipitakaMon */,
				A2D7CC5B2C551FD1009DC4FF /* Products */,
			);
			sourceTree = "<group>";
		};
		A2D7CC5B2C551FD1009DC4FF /* Products */ = {
			isa = PBXGroup;
			children = (
				A2D7CC5A2C551FD1009DC4FF /* TipitakaMon.app */,
			);
			name = Products;
			sourceTree = "<group>";
		};
		A2D7CC5C2C551FD1009DC4FF /* TipitakaMon */ = {
			isa = PBXGroup;
			children = (
				A20581752C56AC4C0054F7F4 /* Info.plist */,
				A20581342C56AB310054F7F4 /* pdfBooks */,
				A205812B2C56AAD90054F7F4 /* Fonts */,
				A2D7CC5D2C551FD1009DC4FF /* TipitakaMonApp.swift */,
				A2C84E392C5FCCE40046265A /* pitakaData.swift */,
				A2D7CC5F2C551FD1009DC4FF /* ContentView.swift */,
				A20581252C56888A0054F7F4 /* vinyanaView.swift */,
				A205817A2C56E76B0054F7F4 /* Abhidhamma.swift */,
				A20581272C56891A0054F7F4 /* sutaView.swift */,
				A20581782C56E69C0054F7F4 /* infoView.swift */,
				A2D7CC612C551FD2009DC4FF /* Assets.xcassets */,
				A2C84E402C5FF3D00046265A /* PDFViewer */,
				A2D7CC632C551FD2009DC4FF /* Preview Content */,
			);
			path = TipitakaMon;
			sourceTree = "<group>";
		};
		A2D7CC632C551FD2009DC4FF /* Preview Content */ = {
			isa = PBXGroup;
			children = (
				A2D7CC642C551FD2009DC4FF /* Preview Assets.xcassets */,
			);
			path = "Preview Content";
			sourceTree = "<group>";
		};
/* End PBXGroup section */

/* Begin PBXNativeTarget section */
		A2D7CC592C551FD1009DC4FF /* TipitakaMon */ = {
			isa = PBXNativeTarget;
			buildConfigurationList = A2D7CC682C551FD2009DC4FF /* Build configuration list for PBXNativeTarget "TipitakaMon" */;
			buildPhases = (
				A2D7CC562C551FD1009DC4FF /* Sources */,
				A2D7CC572C551FD1009DC4FF /* Frameworks */,
				A2D7CC582C551FD1009DC4FF /* Resources */,
			);
			buildRules = (
			);
			dependencies = (
			);
			name = TipitakaMon;
			packageProductDependencies = (
			);
			productName = TipitakaMon;
			productReference = A2D7CC5A2C551FD1009DC4FF /* TipitakaMon.app */;
			productType = "com.apple.product-type.application";
		};
/* End PBXNativeTarget section */

/* Begin PBXProject section */
		A2D7CC522C551FD1009DC4FF /* Project object */ = {
			isa = PBXProject;
			attributes = {
				BuildIndependentTargetsInParallel = 1;
				LastSwiftUpdateCheck = 1540;
				LastUpgradeCheck = 1540;
				TargetAttributes = {
					A2D7CC592C551FD1009DC4FF = {
						CreatedOnToolsVersion = 15.4;
					};
				};
			};
			buildConfigurationList = A2D7CC552C551FD1009DC4FF /* Build configuration list for PBXProject "TipitakaMon" */;
			compatibilityVersion = "Xcode 14.0";
			developmentRegion = en;
			hasScannedForEncodings = 0;
			knownRegions = (
				en,
				Base,
			);
			mainGroup = A2D7CC512C551FD0009DC4FF;
			packageReferences = (
			);
			productRefGroup = A2D7CC5B2C551FD1009DC4FF /* Products */;
			projectDirPath = "";
			projectRoot = "";
			targets = (
				A2D7CC592C551FD1009DC4FF /* TipitakaMon */,
			);
		};
/* End PBXProject section */

/* Begin PBXResourcesBuildPhase section */
		A2D7CC582C551FD1009DC4FF /* Resources */ = {
			isa = PBXResourcesBuildPhase;
			buildActionMask = 2147483647;
			files = (
				A205813F2C56AB4A0054F7F4 /* ပါဠိဝိဘၚ် ဘာသာမန် (ကၞပ် ပ+ဒု).pdf in Resources */,
				A20581322C56AAFB0054F7F4 /* Mon3Anonta1.ttf in Resources */,
				A20581582C56AB570054F7F4 /* ပါဠိခုဒ္ဒကပါဋ္ဌ ဘာသာမန်.pdf in Resources */,
				A205813E2C56AB4A0054F7F4 /* ပါဠိပုဂ္ဂလပညပ် ဘာသာမန်.pdf in Resources */,
				A20581602C56AB570054F7F4 /* ပါဠိသဳလက္ခန္ဓဝဂ္ဂ ဘာသာမန်.pdf in Resources */,
				A20581642C56AB570054F7F4 /* ပါဠိသံယုတ် ဘာသာမန် (ကၞပ်တတိယ).pdf in Resources */,
				A205815B2C56AB570054F7F4 /* ပါဠိပဋိသမ္ဘီဒါမဂ် ဘာသာမန်.pdf in Resources */,
				A20581722C56AB610054F7F4 /* ပါဠိပါရာဇိကဏ် ဘာသာမန်.pdf in Resources */,
				A20581692C56AB570054F7F4 /* ပါဠိအၚ်္ဂုတ္တိုရ် ဘာသာမန် (ကၞပ်ပထမ).pdf in Resources */,
				A20581652C56AB570054F7F4 /* ပါဠိသံယုတ် ဘာသာမန် (ကၞပ်ဒုတိယ).pdf in Resources */,
				A20581662C56AB570054F7F4 /* ပါဠိသံယုတ် ဘာသာမန် (ကၞပ်ပထမ).pdf in Resources */,
				A20581332C56AAFB0054F7F4 /* Pyidaungsu-1.7_Bold.ttf in Resources */,
				A20581592C56AB570054F7F4 /* ပါဠိထေရထေရဳဂါထာ ဘာသာမန်.pdf in Resources */,
				A205815A2C56AB570054F7F4 /* ပါဠိထေရာပဒါန် ဘာသာမန်.pdf in Resources */,
				A205813D2C56AB4A0054F7F4 /* ပါဠိဓမ္မသၚ်္ဂဏဳ ဘာသာမန်.pdf in Resources */,
				A205815F2C56AB570054F7F4 /* ပါဠိမဟာဝဂ္ဂ ဘာသာမန်.pdf in Resources */,
				A20581632C56AB570054F7F4 /* ပါဠိဥပရိပဏ္ဏာသ ဘာသာမန်.pdf in Resources */,
				A20581312C56AAFB0054F7F4 /* MUA_Office_adobe.ttf in Resources */,
				A20581712C56AB610054F7F4 /* ပါဠိပရိဝရ် ဘာသာမန်.pdf in Resources */,
				A20581612C56AB570054F7F4 /* ပါဠိမဇ္ၛိမပဏ္ဏာသ ဘာသာမန်.pdf in Resources */,
				A2D7CC652C551FD2009DC4FF /* Preview Assets.xcassets in Resources */,
				A20581622C56AB570054F7F4 /* ပါဠိမူလပဏ္ဏာသ ဘာသာမန်.pdf in Resources */,
				A205815C2C56AB570054F7F4 /* ပါဠိမိလိန္ဒပဉှာ ဘာသာမန်.pdf in Resources */,
				A20581672C56AB570054F7F4 /* ပါဠိအၚ်္ဂုတ္တိုရ် ဘာသာမန် (ကၞပ်တတိယ).pdf in Resources */,
				A205813C2C56AB4A0054F7F4 /* ပါဠိကထာဝတ္ထု ဘာသာမန် (ကၞပ်ပထမ).pdf in Resources */,
				A20581702C56AB610054F7F4 /* ပါဠိစူဠဝဝ် ဘာသာမန်.pdf in Resources */,
				A20581682C56AB570054F7F4 /* ပါဠိအၚ်္ဂုတ္တိုရ် ဘာသာမန် (ကၞပ်ဒုတိယ).pdf in Resources */,
				A20581732C56AB610054F7F4 /* ပါဠိပါဲစိုတ် ဘာသာမန်.pdf in Resources */,
				A205815E2C56AB570054F7F4 /* ပါဠိပါထိကဝဂ် ဘာသာမန်.pdf in Resources */,
				A2D7CC622C551FD2009DC4FF /* Assets.xcassets in Resources */,
				A205813B2C56AB4A0054F7F4 /* ပါဠိကထာဝတ္ထု ဘာသာမန် (ကၞပ်ဒုတိယ).pdf in Resources */,
				A20581742C56AB610054F7F4 /* ပါဠိမဟာဝဂ် ဘာသာမန်.pdf in Resources */,
				A20581302C56AAFB0054F7F4 /* Pyidaungsu-1.7_Regular.ttf in Resources */,
				A205815D2C56AB570054F7F4 /* ပါဠိဝိမာန ကေုာံ ပေတဝတ္ထု ဘာသာမန်.pdf in Resources */,
			);
			runOnlyForDeploymentPostprocessing = 0;
		};
/* End PBXResourcesBuildPhase section */

/* Begin PBXSourcesBuildPhase section */
		A2D7CC562C551FD1009DC4FF /* Sources */ = {
			isa = PBXSourcesBuildPhase;
			buildActionMask = 2147483647;
			files = (
				A2C84E442C5FF3D00046265A /* PDFViewer.swift in Sources */,
				A20581792C56E69C0054F7F4 /* infoView.swift in Sources */,
				A20581262C56888A0054F7F4 /* vinyanaView.swift in Sources */,
				A20581282C56891A0054F7F4 /* sutaView.swift in Sources */,
				A2C84E412C5FF3D00046265A /* ActivityViewController.swift in Sources */,
				A2C84E452C5FF3D00046265A /* ProgressView.swift in Sources */,
				A2C84E432C5FF3D00046265A /* PDFReaderView.swift in Sources */,
				A2D7CC602C551FD1009DC4FF /* ContentView.swift in Sources */,
				A2D7CC5E2C551FD1009DC4FF /* TipitakaMonApp.swift in Sources */,
				A205817B2C56E76B0054F7F4 /* Abhidhamma.swift in Sources */,
				A2C84E422C5FF3D00046265A /* DownloadManager.swift in Sources */,
				A2C84E3A2C5FCCE40046265A /* pitakaData.swift in Sources */,
			);
			runOnlyForDeploymentPostprocessing = 0;
		};
/* End PBXSourcesBuildPhase section */

/* Begin XCBuildConfiguration section */
		A2D7CC662C551FD2009DC4FF /* Debug */ = {
			isa = XCBuildConfiguration;
			buildSettings = {
				ALWAYS_SEARCH_USER_PATHS = NO;
				ASSETCATALOG_COMPILER_GENERATE_SWIFT_ASSET_SYMBOL_EXTENSIONS = YES;
				CLANG_ANALYZER_NONNULL = YES;
				CLANG_ANALYZER_NUMBER_OBJECT_CONVERSION = YES_AGGRESSIVE;
				CLANG_CXX_LANGUAGE_STANDARD = "gnu++20";
				CLANG_ENABLE_MODULES = YES;
				CLANG_ENABLE_OBJC_ARC = YES;
				CLANG_ENABLE_OBJC_WEAK = YES;
				CLANG_WARN_BLOCK_CAPTURE_AUTORELEASING = YES;
				CLANG_WARN_BOOL_CONVERSION = YES;
				CLANG_WARN_COMMA = YES;
				CLANG_WARN_CONSTANT_CONVERSION = YES;
				CLANG_WARN_DEPRECATED_OBJC_IMPLEMENTATIONS = YES;
				CLANG_WARN_DIRECT_OBJC_ISA_USAGE = YES_ERROR;
				CLANG_WARN_DOCUMENTATION_COMMENTS = YES;
				CLANG_WARN_EMPTY_BODY = YES;
				CLANG_WARN_ENUM_CONVERSION = YES;
				CLANG_WARN_INFINITE_RECURSION = YES;
				CLANG_WARN_INT_CONVERSION = YES;
				CLANG_WARN_NON_LITERAL_NULL_CONVERSION = YES;
				CLANG_WARN_OBJC_IMPLICIT_RETAIN_SELF = YES;
				CLANG_WARN_OBJC_LITERAL_CONVERSION = YES;
				CLANG_WARN_OBJC_ROOT_CLASS = YES_ERROR;
				CLANG_WARN_QUOTED_INCLUDE_IN_FRAMEWORK_HEADER = YES;
				CLANG_WARN_RANGE_LOOP_ANALYSIS = YES;
				CLANG_WARN_STRICT_PROTOTYPES = YES;
				CLANG_WARN_SUSPICIOUS_MOVE = YES;
				CLANG_WARN_UNGUARDED_AVAILABILITY = YES_AGGRESSIVE;
				CLANG_WARN_UNREACHABLE_CODE = YES;
				CLANG_WARN__DUPLICATE_METHOD_MATCH = YES;
				COPY_PHASE_STRIP = NO;
				DEBUG_INFORMATION_FORMAT = dwarf;
				ENABLE_STRICT_OBJC_MSGSEND = YES;
				ENABLE_TESTABILITY = YES;
				ENABLE_USER_SCRIPT_SANDBOXING = YES;
				GCC_C_LANGUAGE_STANDARD = gnu17;
				GCC_DYNAMIC_NO_PIC = NO;
				GCC_NO_COMMON_BLOCKS = YES;
				GCC_OPTIMIZATION_LEVEL = 0;
				GCC_PREPROCESSOR_DEFINITIONS = (
					"DEBUG=1",
					"$(inherited)",
				);
				GCC_WARN_64_TO_32_BIT_CONVERSION = YES;
				GCC_WARN_ABOUT_RETURN_TYPE = YES_ERROR;
				GCC_WARN_UNDECLARED_SELECTOR = YES;
				GCC_WARN_UNINITIALIZED_AUTOS = YES_AGGRESSIVE;
				GCC_WARN_UNUSED_FUNCTION = YES;
				GCC_WARN_UNUSED_VARIABLE = YES;
				IPHONEOS_DEPLOYMENT_TARGET = 17.5;
				LOCALIZATION_PREFERS_STRING_CATALOGS = YES;
				MTL_ENABLE_DEBUG_INFO = INCLUDE_SOURCE;
				MTL_FAST_MATH = YES;
				ONLY_ACTIVE_ARCH = YES;
				SDKROOT = iphoneos;
				SWIFT_ACTIVE_COMPILATION_CONDITIONS = "DEBUG $(inherited)";
				SWIFT_OPTIMIZATION_LEVEL = "-Onone";
			};
			name = Debug;
		};
		A2D7CC672C551FD2009DC4FF /* Release */ = {
			isa = XCBuildConfiguration;
			buildSettings = {
				ALWAYS_SEARCH_USER_PATHS = NO;
				ASSETCATALOG_COMPILER_GENERATE_SWIFT_ASSET_SYMBOL_EXTENSIONS = YES;
				CLANG_ANALYZER_NONNULL = YES;
				CLANG_ANALYZER_NUMBER_OBJECT_CONVERSION = YES_AGGRESSIVE;
				CLANG_CXX_LANGUAGE_STANDARD = "gnu++20";
				CLANG_ENABLE_MODULES = YES;
				CLANG_ENABLE_OBJC_ARC = YES;
				CLANG_ENABLE_OBJC_WEAK = YES;
				CLANG_WARN_BLOCK_CAPTURE_AUTORELEASING = YES;
				CLANG_WARN_BOOL_CONVERSION = YES;
				CLANG_WARN_COMMA = YES;
				CLANG_WARN_CONSTANT_CONVERSION = YES;
				CLANG_WARN_DEPRECATED_OBJC_IMPLEMENTATIONS = YES;
				CLANG_WARN_DIRECT_OBJC_ISA_USAGE = YES_ERROR;
				CLANG_WARN_DOCUMENTATION_COMMENTS = YES;
				CLANG_WARN_EMPTY_BODY = YES;
				CLANG_WARN_ENUM_CONVERSION = YES;
				CLANG_WARN_INFINITE_RECURSION = YES;
				CLANG_WARN_INT_CONVERSION = YES;
				CLANG_WARN_NON_LITERAL_NULL_CONVERSION = YES;
				CLANG_WARN_OBJC_IMPLICIT_RETAIN_SELF = YES;
				CLANG_WARN_OBJC_LITERAL_CONVERSION = YES;
				CLANG_WARN_OBJC_ROOT_CLASS = YES_ERROR;
				CLANG_WARN_QUOTED_INCLUDE_IN_FRAMEWORK_HEADER = YES;
				CLANG_WARN_RANGE_LOOP_ANALYSIS = YES;
				CLANG_WARN_STRICT_PROTOTYPES = YES;
				CLANG_WARN_SUSPICIOUS_MOVE = YES;
				CLANG_WARN_UNGUARDED_AVAILABILITY = YES_AGGRESSIVE;
				CLANG_WARN_UNREACHABLE_CODE = YES;
				CLANG_WARN__DUPLICATE_METHOD_MATCH = YES;
				COPY_PHASE_STRIP = NO;
				DEBUG_INFORMATION_FORMAT = "dwarf-with-dsym";
				ENABLE_NS_ASSERTIONS = NO;
				ENABLE_STRICT_OBJC_MSGSEND = YES;
				ENABLE_USER_SCRIPT_SANDBOXING = YES;
				GCC_C_LANGUAGE_STANDARD = gnu17;
				GCC_NO_COMMON_BLOCKS = YES;
				GCC_WARN_64_TO_32_BIT_CONVERSION = YES;
				GCC_WARN_ABOUT_RETURN_TYPE = YES_ERROR;
				GCC_WARN_UNDECLARED_SELECTOR = YES;
				GCC_WARN_UNINITIALIZED_AUTOS = YES_AGGRESSIVE;
				GCC_WARN_UNUSED_FUNCTION = YES;
				GCC_WARN_UNUSED_VARIABLE = YES;
				IPHONEOS_DEPLOYMENT_TARGET = 17.5;
				LOCALIZATION_PREFERS_STRING_CATALOGS = YES;
				MTL_ENABLE_DEBUG_INFO = NO;
				MTL_FAST_MATH = YES;
				SDKROOT = iphoneos;
				SWIFT_COMPILATION_MODE = wholemodule;
				VALIDATE_PRODUCT = YES;
			};
			name = Release;
		};
		A2D7CC692C551FD2009DC4FF /* Debug */ = {
			isa = XCBuildConfiguration;
			buildSettings = {
				ASSETCATALOG_COMPILER_APPICON_NAME = AppIcon;
				ASSETCATALOG_COMPILER_GLOBAL_ACCENT_COLOR_NAME = AccentColor;
				CODE_SIGN_STYLE = Automatic;
				CURRENT_PROJECT_VERSION = 20;
				DEVELOPMENT_ASSET_PATHS = "\"TipitakaMon/Preview Content\"";
				DEVELOPMENT_TEAM = 86SZC8RRQ7;
				ENABLE_PREVIEWS = YES;
				GENERATE_INFOPLIST_FILE = YES;
				INFOPLIST_FILE = TipitakaMon/Info.plist;
				INFOPLIST_KEY_CFBundleDisplayName = "Mon Pitaka";
				INFOPLIST_KEY_LSApplicationCategoryType = "public.app-category.books";
				INFOPLIST_KEY_UIApplicationSceneManifest_Generation = YES;
				INFOPLIST_KEY_UIApplicationSupportsIndirectInputEvents = YES;
				INFOPLIST_KEY_UILaunchScreen_Generation = YES;
				INFOPLIST_KEY_UISupportedInterfaceOrientations = UIInterfaceOrientationPortrait;
				INFOPLIST_KEY_UISupportedInterfaceOrientations_iPad = "UIInterfaceOrientationLandscapeLeft UIInterfaceOrientationLandscapeRight";
				IPHONEOS_DEPLOYMENT_TARGET = 16.0;
				LD_RUNPATH_SEARCH_PATHS = (
					"$(inherited)",
					"@executable_path/Frameworks",
				);
				MARKETING_VERSION = 2.0;
				PRODUCT_BUNDLE_IDENTIFIER = com.minsitechan.mnw.tipitakamon;
				PRODUCT_NAME = "$(TARGET_NAME)";
				SUPPORTED_PLATFORMS = "iphoneos iphonesimulator";
				SUPPORTS_MACCATALYST = NO;
				SUPPORTS_XR_DESIGNED_FOR_IPHONE_IPAD = NO;
				SWIFT_EMIT_LOC_STRINGS = YES;
				SWIFT_VERSION = 5.0;
				TARGETED_DEVICE_FAMILY = "1,2";
			};
			name = Debug;
		};
		A2D7CC6A2C551FD2009DC4FF /* Release */ = {
			isa = XCBuildConfiguration;
			buildSettings = {
				ASSETCATALOG_COMPILER_APPICON_NAME = AppIcon;
				ASSETCATALOG_COMPILER_GLOBAL_ACCENT_COLOR_NAME = AccentColor;
				CODE_SIGN_STYLE = Automatic;
				CURRENT_PROJECT_VERSION = 20;
				DEVELOPMENT_ASSET_PATHS = "\"TipitakaMon/Preview Content\"";
				DEVELOPMENT_TEAM = 86SZC8RRQ7;
				ENABLE_PREVIEWS = YES;
				GENERATE_INFOPLIST_FILE = YES;
				INFOPLIST_FILE = TipitakaMon/Info.plist;
				INFOPLIST_KEY_CFBundleDisplayName = "Mon Pitaka";
				INFOPLIST_KEY_LSApplicationCategoryType = "public.app-category.books";
				INFOPLIST_KEY_UIApplicationSceneManifest_Generation = YES;
				INFOPLIST_KEY_UIApplicationSupportsIndirectInputEvents = YES;
				INFOPLIST_KEY_UILaunchScreen_Generation = YES;
				INFOPLIST_KEY_UISupportedInterfaceOrientations = UIInterfaceOrientationPortrait;
				INFOPLIST_KEY_UISupportedInterfaceOrientations_iPad = "UIInterfaceOrientationLandscapeLeft UIInterfaceOrientationLandscapeRight";
				IPHONEOS_DEPLOYMENT_TARGET = 16.0;
				LD_RUNPATH_SEARCH_PATHS = (
					"$(inherited)",
					"@executable_path/Frameworks",
				);
				MARKETING_VERSION = 2.0;
				PRODUCT_BUNDLE_IDENTIFIER = com.minsitechan.mnw.tipitakamon;
				PRODUCT_NAME = "$(TARGET_NAME)";
				SUPPORTED_PLATFORMS = "iphoneos iphonesimulator";
				SUPPORTS_MACCATALYST = NO;
				SUPPORTS_XR_DESIGNED_FOR_IPHONE_IPAD = NO;
				SWIFT_EMIT_LOC_STRINGS = YES;
				SWIFT_VERSION = 5.0;
				TARGETED_DEVICE_FAMILY = "1,2";
			};
			name = Release;
		};
/* End XCBuildConfiguration section */

/* Begin XCConfigurationList section */
		A2D7CC552C551FD1009DC4FF /* Build configuration list for PBXProject "TipitakaMon" */ = {
			isa = XCConfigurationList;
			buildConfigurations = (
				A2D7CC662C551FD2009DC4FF /* Debug */,
				A2D7CC672C551FD2009DC4FF /* Release */,
			);
			defaultConfigurationIsVisible = 0;
			defaultConfigurationName = Release;
		};
		A2D7CC682C551FD2009DC4FF /* Build configuration list for PBXNativeTarget "TipitakaMon" */ = {
			isa = XCConfigurationList;
			buildConfigurations = (
				A2D7CC692C551FD2009DC4FF /* Debug */,
				A2D7CC6A2C551FD2009DC4FF /* Release */,
			);
			defaultConfigurationIsVisible = 0;
			defaultConfigurationName = Release;
		};
/* End XCConfigurationList section */
	};
	rootObject = A2D7CC522C551FD1009DC4FF /* Project object */;
}
